
Microsoft Visual Studio Solution File, Format Version 9.00
# Visual Studio 2005
Project("{8BC9CEB8-8B4A-11D0-8D11-00A0C91BC942}") = "playdar", "playdar\playdar.vcproj", "{2CD0560C-1D77-4A67-B8A1-9B3A6FB767B3}"
	ProjectSection(ProjectDependencies) = postProject
		{2E3343B8-4FA8-4ED9-A878-2401FBA737D0} = {2E3343B8-4FA8-4ED9-A878-2401FBA737D0}
		{9EDCC987-2E6F-411D-9E96-020B6102A83A} = {9EDCC987-2E6F-411D-9E96-020B6102A83A}
		{6EB01853-F77A-4389-B9BE-FD0B935E5775} = {6EB01853-F77A-4389-B9BE-FD0B935E5775}
		{D0525338-06B5-44FA-81A8-3C2FA22E0B72} = {D0525338-06B5-44FA-81A8-3C2FA22E0B72}
		{22A8A61C-64CB-4BED-BB35-EDD5CD4D374C} = {22A8A61C-64CB-4BED-BB35-EDD5CD4D374C}
	EndProjectSection
EndProject
Project("{8BC9CEB8-8B4A-11D0-8D11-00A0C91BC942}") = "scanner", "scanner\scanner.vcproj", "{42F71C8D-692A-415A-BAF0-9F78018E5FD9}"
	ProjectSection(ProjectDependencies) = postProject
		{2E3343B8-4FA8-4ED9-A878-2401FBA737D0} = {2E3343B8-4FA8-4ED9-A878-2401FBA737D0}
		{6EB01853-F77A-4389-B9BE-FD0B935E5775} = {6EB01853-F77A-4389-B9BE-FD0B935E5775}
		{D0525338-06B5-44FA-81A8-3C2FA22E0B72} = {D0525338-06B5-44FA-81A8-3C2FA22E0B72}
		{CF50281F-5E62-4025-B3FE-A1268A8AC7E1} = {CF50281F-5E62-4025-B3FE-A1268A8AC7E1}
	EndProjectSection
EndProject
Project("{8BC9CEB8-8B4A-11D0-8D11-00A0C91BC942}") = "tagger", "tagger\tagger.vcproj", "{1D3168EF-AD6A-440D-BCC5-C16C7AC0ED6C}"
	ProjectSection(ProjectDependencies) = postProject
		{D0525338-06B5-44FA-81A8-3C2FA22E0B72} = {D0525338-06B5-44FA-81A8-3C2FA22E0B72}
		{6EB01853-F77A-4389-B9BE-FD0B935E5775} = {6EB01853-F77A-4389-B9BE-FD0B935E5775}
	EndProjectSection
EndProject
Project("{2150E333-8FDC-42A3-9474-1A3956D46DE8}") = "plugins", "plugins", "{565BD170-A105-425D-BB2E-B5DBD3A0C16A}"
EndProject
Project("{2150E333-8FDC-42A3-9474-1A3956D46DE8}") = "libs", "libs", "{F4AF91AD-EDDD-4EDC-AA82-643236AB782B}"
EndProject
Project("{8BC9CEB8-8B4A-11D0-8D11-00A0C91BC942}") = "api", "plugins\api\api.vcproj", "{85DC1DE6-385F-44F8-954F-C8A55E950A3F}"
	ProjectSection(ProjectDependencies) = postProject
		{2E3343B8-4FA8-4ED9-A878-2401FBA737D0} = {2E3343B8-4FA8-4ED9-A878-2401FBA737D0}
	EndProjectSection
EndProject
Project("{8BC9CEB8-8B4A-11D0-8D11-00A0C91BC942}") = "boffin", "plugins\boffin\boffin.vcproj", "{028305E0-4194-44EB-BDA9-0F87544FA394}"
	ProjectSection(ProjectDependencies) = postProject
		{D0525338-06B5-44FA-81A8-3C2FA22E0B72} = {D0525338-06B5-44FA-81A8-3C2FA22E0B72}
		{6EB01853-F77A-4389-B9BE-FD0B935E5775} = {6EB01853-F77A-4389-B9BE-FD0B935E5775}
		{2E3343B8-4FA8-4ED9-A878-2401FBA737D0} = {2E3343B8-4FA8-4ED9-A878-2401FBA737D0}
	EndProjectSection
EndProject
Project("{8BC9CEB8-8B4A-11D0-8D11-00A0C91BC942}") = "lan", "plugins\lan\lan.vcproj", "{D5D21915-3358-4992-BDA1-E50E2D5C7BCF}"
	ProjectSection(ProjectDependencies) = postProject
		{2E3343B8-4FA8-4ED9-A878-2401FBA737D0} = {2E3343B8-4FA8-4ED9-A878-2401FBA737D0}
	EndProjectSection
EndProject
Project("{8BC9CEB8-8B4A-11D0-8D11-00A0C91BC942}") = "local", "plugins\local\local.vcproj", "{DA39DD41-8006-4817-9758-6393DBCE9F36}"
	ProjectSection(ProjectDependencies) = postProject
		{D0525338-06B5-44FA-81A8-3C2FA22E0B72} = {D0525338-06B5-44FA-81A8-3C2FA22E0B72}
		{6EB01853-F77A-4389-B9BE-FD0B935E5775} = {6EB01853-F77A-4389-B9BE-FD0B935E5775}
		{2E3343B8-4FA8-4ED9-A878-2401FBA737D0} = {2E3343B8-4FA8-4ED9-A878-2401FBA737D0}
	EndProjectSection
EndProject
Project("{8BC9CEB8-8B4A-11D0-8D11-00A0C91BC942}") = "json_spirit", "libs\json_spirit\json_spirit.vcproj", "{2E3343B8-4FA8-4ED9-A878-2401FBA737D0}"
EndProject
Project("{8BC9CEB8-8B4A-11D0-8D11-00A0C91BC942}") = "moost_http", "libs\moost_http\moost_http.vcproj", "{22A8A61C-64CB-4BED-BB35-EDD5CD4D374C}"
EndProject
Project("{8BC9CEB8-8B4A-11D0-8D11-00A0C91BC942}") = "pdl", "libs\pdl\pdl.vcproj", "{9EDCC987-2E6F-411D-9E96-020B6102A83A}"
EndProject
Project("{8BC9CEB8-8B4A-11D0-8D11-00A0C91BC942}") = "sqlite3pp", "libs\sqlite3pp\sqlite3pp.vcproj", "{6EB01853-F77A-4389-B9BE-FD0B935E5775}"
EndProject
Project("{8BC9CEB8-8B4A-11D0-8D11-00A0C91BC942}") = "sqlite-amalgamation", "libs\sqlite-amalgamation\sqlite-amalgamation.vcproj", "{D0525338-06B5-44FA-81A8-3C2FA22E0B72}"
EndProject
Project("{8BC9CEB8-8B4A-11D0-8D11-00A0C91BC942}") = "tag", "libs\taglib\tag.vcproj", "{CF50281F-5E62-4025-B3FE-A1268A8AC7E1}"
EndProject
Global
	GlobalSection(SolutionConfigurationPlatforms) = preSolution
		Debug|Win32 = Debug|Win32
		Release|Win32 = Release|Win32
	EndGlobalSection
	GlobalSection(ProjectConfigurationPlatforms) = postSolution
		{2CD0560C-1D77-4A67-B8A1-9B3A6FB767B3}.Debug|Win32.ActiveCfg = Debug|Win32
		{2CD0560C-1D77-4A67-B8A1-9B3A6FB767B3}.Debug|Win32.Build.0 = Debug|Win32
		{2CD0560C-1D77-4A67-B8A1-9B3A6FB767B3}.Release|Win32.ActiveCfg = Release|Win32
		{2CD0560C-1D77-4A67-B8A1-9B3A6FB767B3}.Release|Win32.Build.0 = Release|Win32
		{42F71C8D-692A-415A-BAF0-9F78018E5FD9}.Debug|Win32.ActiveCfg = Debug|Win32
		{42F71C8D-692A-415A-BAF0-9F78018E5FD9}.Debug|Win32.Build.0 = Debug|Win32
		{42F71C8D-692A-415A-BAF0-9F78018E5FD9}.Release|Win32.ActiveCfg = Release|Win32
		{42F71C8D-692A-415A-BAF0-9F78018E5FD9}.Release|Win32.Build.0 = Release|Win32
		{1D3168EF-AD6A-440D-BCC5-C16C7AC0ED6C}.Debug|Win32.ActiveCfg = Debug|Win32
		{1D3168EF-AD6A-440D-BCC5-C16C7AC0ED6C}.Debug|Win32.Build.0 = Debug|Win32
		{1D3168EF-AD6A-440D-BCC5-C16C7AC0ED6C}.Release|Win32.ActiveCfg = Release|Win32
		{1D3168EF-AD6A-440D-BCC5-C16C7AC0ED6C}.Release|Win32.Build.0 = Release|Win32
		{85DC1DE6-385F-44F8-954F-C8A55E950A3F}.Debug|Win32.ActiveCfg = Debug|Win32
		{85DC1DE6-385F-44F8-954F-C8A55E950A3F}.Debug|Win32.Build.0 = Debug|Win32
		{85DC1DE6-385F-44F8-954F-C8A55E950A3F}.Release|Win32.ActiveCfg = Release|Win32
		{85DC1DE6-385F-44F8-954F-C8A55E950A3F}.Release|Win32.Build.0 = Release|Win32
		{028305E0-4194-44EB-BDA9-0F87544FA394}.Debug|Win32.ActiveCfg = Debug|Win32
		{028305E0-4194-44EB-BDA9-0F87544FA394}.Debug|Win32.Build.0 = Debug|Win32
		{028305E0-4194-44EB-BDA9-0F87544FA394}.Release|Win32.ActiveCfg = Release|Win32
		{028305E0-4194-44EB-BDA9-0F87544FA394}.Release|Win32.Build.0 = Release|Win32
		{D5D21915-3358-4992-BDA1-E50E2D5C7BCF}.Debug|Win32.ActiveCfg = Debug|Win32
		{D5D21915-3358-4992-BDA1-E50E2D5C7BCF}.Debug|Win32.Build.0 = Debug|Win32
		{D5D21915-3358-4992-BDA1-E50E2D5C7BCF}.Release|Win32.ActiveCfg = Release|Win32
		{D5D21915-3358-4992-BDA1-E50E2D5C7BCF}.Release|Win32.Build.0 = Release|Win32
		{DA39DD41-8006-4817-9758-6393DBCE9F36}.Debug|Win32.ActiveCfg = Debug|Win32
		{DA39DD41-8006-4817-9758-6393DBCE9F36}.Debug|Win32.Build.0 = Debug|Win32
		{DA39DD41-8006-4817-9758-6393DBCE9F36}.Release|Win32.ActiveCfg = Release|Win32
		{DA39DD41-8006-4817-9758-6393DBCE9F36}.Release|Win32.Build.0 = Release|Win32
		{2E3343B8-4FA8-4ED9-A878-2401FBA737D0}.Debug|Win32.ActiveCfg = Debug|Win32
		{2E3343B8-4FA8-4ED9-A878-2401FBA737D0}.Debug|Win32.Build.0 = Debug|Win32
		{2E3343B8-4FA8-4ED9-A878-2401FBA737D0}.Release|Win32.ActiveCfg = Release|Win32
		{2E3343B8-4FA8-4ED9-A878-2401FBA737D0}.Release|Win32.Build.0 = Release|Win32
		{22A8A61C-64CB-4BED-BB35-EDD5CD4D374C}.Debug|Win32.ActiveCfg = Debug|Win32
		{22A8A61C-64CB-4BED-BB35-EDD5CD4D374C}.Debug|Win32.Build.0 = Debug|Win32
		{22A8A61C-64CB-4BED-BB35-EDD5CD4D374C}.Release|Win32.ActiveCfg = Release|Win32
		{22A8A61C-64CB-4BED-BB35-EDD5CD4D374C}.Release|Win32.Build.0 = Release|Win32
		{9EDCC987-2E6F-411D-9E96-020B6102A83A}.Debug|Win32.ActiveCfg = Debug|Win32
		{9EDCC987-2E6F-411D-9E96-020B6102A83A}.Debug|Win32.Build.0 = Debug|Win32
		{9EDCC987-2E6F-411D-9E96-020B6102A83A}.Release|Win32.ActiveCfg = Release|Win32
		{9EDCC987-2E6F-411D-9E96-020B6102A83A}.Release|Win32.Build.0 = Release|Win32
		{6EB01853-F77A-4389-B9BE-FD0B935E5775}.Debug|Win32.ActiveCfg = Debug|Win32
		{6EB01853-F77A-4389-B9BE-FD0B935E5775}.Debug|Win32.Build.0 = Debug|Win32
		{6EB01853-F77A-4389-B9BE-FD0B935E5775}.Release|Win32.ActiveCfg = Release|Win32
		{6EB01853-F77A-4389-B9BE-FD0B935E5775}.Release|Win32.Build.0 = Release|Win32
		{D0525338-06B5-44FA-81A8-3C2FA22E0B72}.Debug|Win32.ActiveCfg = Debug|Win32
		{D0525338-06B5-44FA-81A8-3C2FA22E0B72}.Debug|Win32.Build.0 = Debug|Win32
		{D0525338-06B5-44FA-81A8-3C2FA22E0B72}.Release|Win32.ActiveCfg = Release|Win32
		{D0525338-06B5-44FA-81A8-3C2FA22E0B72}.Release|Win32.Build.0 = Release|Win32
		{CF50281F-5E62-4025-B3FE-A1268A8AC7E1}.Debug|Win32.ActiveCfg = Debug|Win32
		{CF50281F-5E62-4025-B3FE-A1268A8AC7E1}.Debug|Win32.Build.0 = Debug|Win32
		{CF50281F-5E62-4025-B3FE-A1268A8AC7E1}.Release|Win32.ActiveCfg = Release|Win32
		{CF50281F-5E62-4025-B3FE-A1268A8AC7E1}.Release|Win32.Build.0 = Release|Win32
	EndGlobalSection
	GlobalSection(SolutionProperties) = preSolution
		HideSolutionNode = FALSE
	EndGlobalSection
	GlobalSection(NestedProjects) = preSolution
		{85DC1DE6-385F-44F8-954F-C8A55E950A3F} = {565BD170-A105-425D-BB2E-B5DBD3A0C16A}
		{028305E0-4194-44EB-BDA9-0F87544FA394} = {565BD170-A105-425D-BB2E-B5DBD3A0C16A}
		{D5D21915-3358-4992-BDA1-E50E2D5C7BCF} = {565BD170-A105-425D-BB2E-B5DBD3A0C16A}
		{DA39DD41-8006-4817-9758-6393DBCE9F36} = {565BD170-A105-425D-BB2E-B5DBD3A0C16A}
		{2E3343B8-4FA8-4ED9-A878-2401FBA737D0} = {F4AF91AD-EDDD-4EDC-AA82-643236AB782B}
		{22A8A61C-64CB-4BED-BB35-EDD5CD4D374C} = {F4AF91AD-EDDD-4EDC-AA82-643236AB782B}
		{9EDCC987-2E6F-411D-9E96-020B6102A83A} = {F4AF91AD-EDDD-4EDC-AA82-643236AB782B}
		{6EB01853-F77A-4389-B9BE-FD0B935E5775} = {F4AF91AD-EDDD-4EDC-AA82-643236AB782B}
		{D0525338-06B5-44FA-81A8-3C2FA22E0B72} = {F4AF91AD-EDDD-4EDC-AA82-643236AB782B}
		{CF50281F-5E62-4025-B3FE-A1268A8AC7E1} = {F4AF91AD-EDDD-4EDC-AA82-643236AB782B}
	EndGlobalSection
EndGlobal
