// !$*UTF8*$!
{
	archiveVersion = 1;
	classes = {
	};
	objectVersion = 45;
	objects = {

/* Begin PBXBuildFile section */
		632DF4C20F5B70C00078F66A /* liburiparser.1.dylib in CopyFiles */ = {isa = PBXBuildFile; fileRef = 638388400F5B708F000C8EAF /* liburiparser.1.dylib */; };
		632DF4C30F5B70C00078F66A /* libuuid.16.dylib in CopyFiles */ = {isa = PBXBuildFile; fileRef = 638388410F5B708F000C8EAF /* libuuid.16.dylib */; };
		632DF4DE0F5B79C00078F66A /* libboost_program_options-mt.dylib in CopyFiles */ = {isa = PBXBuildFile; fileRef = 632DF4DC0F5B79B90078F66A /* libboost_program_options-mt.dylib */; };
		63773AB70F59674B002D0DE9 /* playdar.icns in Resources */ = {isa = PBXBuildFile; fileRef = 63773AB60F59674B002D0DE9 /* playdar.icns */; };
		63773ABD0F596C6B002D0DE9 /* scan.sh in Resources */ = {isa = PBXBuildFile; fileRef = 63773ABC0F596C6B002D0DE9 /* scan.sh */; };
		6381AA800F5AC101003D1B3F /* playdar.ini.rb in Resources */ = {isa = PBXBuildFile; fileRef = 6381AA7F0F5AC101003D1B3F /* playdar.ini.rb */; };
		6381AAAA0F5AC549003D1B3F /* schema.sql in CopyFiles */ = {isa = PBXBuildFile; fileRef = 6381AAA80F5AC541003D1B3F /* schema.sql */; };
		6381AAB50F5AC5E5003D1B3F /* playdar.ini in CopyFiles */ = {isa = PBXBuildFile; fileRef = 6381AAB30F5AC5E0003D1B3F /* playdar.ini */; };
		6381AABA0F5AC655003D1B3F /* scanner in CopyFiles */ = {isa = PBXBuildFile; fileRef = 6381AAB80F5AC655003D1B3F /* scanner */; };
		6383882F0F5B6FBF000C8EAF /* libboost_system-mt.dylib in CopyFiles */ = {isa = PBXBuildFile; fileRef = 638388270F5B6FA3000C8EAF /* libboost_system-mt.dylib */; };
		638388300F5B6FBF000C8EAF /* libboost_thread-mt.dylib in CopyFiles */ = {isa = PBXBuildFile; fileRef = 638388280F5B6FA3000C8EAF /* libboost_thread-mt.dylib */; };
		638388310F5B6FBF000C8EAF /* libboost_regex-mt.dylib in CopyFiles */ = {isa = PBXBuildFile; fileRef = 638388290F5B6FA3000C8EAF /* libboost_regex-mt.dylib */; };
		638388320F5B6FBF000C8EAF /* libboost_filesystem-mt.dylib in CopyFiles */ = {isa = PBXBuildFile; fileRef = 6383882A0F5B6FA3000C8EAF /* libboost_filesystem-mt.dylib */; };
		6383883C0F5B7065000C8EAF /* libtag.1.dylib in CopyFiles */ = {isa = PBXBuildFile; fileRef = 638388340F5B6FEF000C8EAF /* libtag.1.dylib */; };
		6383883D0F5B7065000C8EAF /* libz.1.dylib in CopyFiles */ = {isa = PBXBuildFile; fileRef = 6383883A0F5B704D000C8EAF /* libz.1.dylib */; };
		63BE46E60F5B6C0C00BFA9E0 /* playdar in CopyFiles */ = {isa = PBXBuildFile; fileRef = 63BE46E40F5B6C0600BFA9E0 /* playdar */; };
		63DFABE70F5CAAA1001855D4 /* Sparkle.framework in Frameworks */ = {isa = PBXBuildFile; fileRef = 63DFABE60F5CAAA1001855D4 /* Sparkle.framework */; };
		63DFABEE0F5CAAFA001855D4 /* Sparkle.framework in CopyFiles */ = {isa = PBXBuildFile; fileRef = 63DFABE60F5CAAA1001855D4 /* Sparkle.framework */; };
		63E2F3800F609BFE00738CA2 /* terminal.sh in Resources */ = {isa = PBXBuildFile; fileRef = 63E2F37F0F609BFE00738CA2 /* terminal.sh */; };
		63E2F3BD0F60A11B00738CA2 /* pc.h in Headers */ = {isa = PBXBuildFile; fileRef = 32DBCFA20370C41700C91783 /* pc.h */; };
		63E2F3BE0F60A11B00738CA2 /* LoginItemsAE.h in Headers */ = {isa = PBXBuildFile; fileRef = 635AD4D00F5E152D003C0805 /* LoginItemsAE.h */; };
		63E2F3BF0F60A11B00738CA2 /* LoginItemsAE.c in Sources */ = {isa = PBXBuildFile; fileRef = 635AD4D20F5E1552003C0805 /* LoginItemsAE.c */; };
		8D202CEB0486D31800D8A456 /* main.h in Headers */ = {isa = PBXBuildFile; fileRef = F506C03C013D9D7901CA16C8 /* main.h */; };
		8D202CED0486D31800D8A456 /* InfoPlist.strings in Resources */ = {isa = PBXBuildFile; fileRef = 089C167DFE841241C02AAC07 /* InfoPlist.strings */; };
		8D202CEF0486D31800D8A456 /* main.xib in Resources */ = {isa = PBXBuildFile; fileRef = F506C042013D9D8C01CA16C8 /* main.xib */; };
		8D202CF10486D31800D8A456 /* main.m in Sources */ = {isa = PBXBuildFile; fileRef = F506C03D013D9D7901CA16C8 /* main.m */; };
		8D202CF30486D31800D8A456 /* Cocoa.framework in Frameworks */ = {isa = PBXBuildFile; fileRef = 1058C7ADFEA557BF11CA2CBB /* Cocoa.framework */; };
		8D202CF40486D31800D8A456 /* PreferencePanes.framework in Frameworks */ = {isa = PBXBuildFile; fileRef = F506C035013D953901CA16C8 /* PreferencePanes.framework */; };
/* End PBXBuildFile section */

/* Begin PBXCopyFilesBuildPhase section */
		6381AA960F5AC1D8003D1B3F /* CopyFiles */ = {
			isa = PBXCopyFilesBuildPhase;
			buildActionMask = 2147483647;
			dstPath = "";
			dstSubfolderSpec = 7;
			files = (
				6381AAB50F5AC5E5003D1B3F /* playdar.ini in CopyFiles */,
				6381AAAA0F5AC549003D1B3F /* schema.sql in CopyFiles */,
			);
			runOnlyForDeploymentPostprocessing = 0;
		};
		6381AB6A0F5B5CA1003D1B3F /* CopyFiles */ = {
			isa = PBXCopyFilesBuildPhase;
			buildActionMask = 2147483647;
			dstPath = "";
			dstSubfolderSpec = 6;
			files = (
				632DF4DE0F5B79C00078F66A /* libboost_program_options-mt.dylib in CopyFiles */,
				6383882F0F5B6FBF000C8EAF /* libboost_system-mt.dylib in CopyFiles */,
				638388300F5B6FBF000C8EAF /* libboost_thread-mt.dylib in CopyFiles */,
				638388310F5B6FBF000C8EAF /* libboost_regex-mt.dylib in CopyFiles */,
				638388320F5B6FBF000C8EAF /* libboost_filesystem-mt.dylib in CopyFiles */,
				6383883C0F5B7065000C8EAF /* libtag.1.dylib in CopyFiles */,
				632DF4C20F5B70C00078F66A /* liburiparser.1.dylib in CopyFiles */,
				632DF4C30F5B70C00078F66A /* libuuid.16.dylib in CopyFiles */,
				6383883D0F5B7065000C8EAF /* libz.1.dylib in CopyFiles */,
				63BE46E60F5B6C0C00BFA9E0 /* playdar in CopyFiles */,
				6381AABA0F5AC655003D1B3F /* scanner in CopyFiles */,
			);
			runOnlyForDeploymentPostprocessing = 0;
		};
		63DFABED0F5CAAF6001855D4 /* CopyFiles */ = {
			isa = PBXCopyFilesBuildPhase;
			buildActionMask = 2147483647;
			dstPath = "";
			dstSubfolderSpec = 10;
			files = (
				63DFABEE0F5CAAFA001855D4 /* Sparkle.framework in CopyFiles */,
			);
			runOnlyForDeploymentPostprocessing = 0;
		};
/* End PBXCopyFilesBuildPhase section */

/* Begin PBXFileReference section */
		089C1672FE841209C02AAC07 /* Foundation.framework */ = {isa = PBXFileReference; lastKnownFileType = wrapper.framework; name = Foundation.framework; path = /System/Library/Frameworks/Foundation.framework; sourceTree = "<absolute>"; };
		089C167EFE841241C02AAC07 /* English */ = {isa = PBXFileReference; fileEncoding = 10; lastKnownFileType = text.plist.strings; name = English; path = English.lproj/InfoPlist.strings; sourceTree = "<group>"; };
		089C167FFE841241C02AAC07 /* AppKit.framework */ = {isa = PBXFileReference; lastKnownFileType = wrapper.framework; name = AppKit.framework; path = /System/Library/Frameworks/AppKit.framework; sourceTree = "<absolute>"; };
		1058C7ADFEA557BF11CA2CBB /* Cocoa.framework */ = {isa = PBXFileReference; lastKnownFileType = wrapper.framework; name = Cocoa.framework; path = /System/Library/Frameworks/Cocoa.framework; sourceTree = "<absolute>"; };
		32DBCFA20370C41700C91783 /* pc.h */ = {isa = PBXFileReference; fileEncoding = 4; lastKnownFileType = sourcecode.c.h; path = pc.h; sourceTree = "<group>"; };
		632DF4DC0F5B79B90078F66A /* libboost_program_options-mt.dylib */ = {isa = PBXFileReference; lastKnownFileType = "compiled.mach-o.dylib"; name = "libboost_program_options-mt.dylib"; path = "/opt/local/lib/libboost_program_options-mt.dylib"; sourceTree = "<absolute>"; };
		635AD4D00F5E152D003C0805 /* LoginItemsAE.h */ = {isa = PBXFileReference; fileEncoding = 4; lastKnownFileType = sourcecode.c.h; path = LoginItemsAE.h; sourceTree = "<group>"; };
		635AD4D20F5E1552003C0805 /* LoginItemsAE.c */ = {isa = PBXFileReference; fileEncoding = 4; lastKnownFileType = sourcecode.c.c; path = LoginItemsAE.c; sourceTree = "<group>"; };
		63773AB60F59674B002D0DE9 /* playdar.icns */ = {isa = PBXFileReference; lastKnownFileType = image.icns; path = playdar.icns; sourceTree = "<group>"; };
		63773ABC0F596C6B002D0DE9 /* scan.sh */ = {isa = PBXFileReference; fileEncoding = 4; lastKnownFileType = text.script.sh; path = scan.sh; sourceTree = "<group>"; };
		6381AA7F0F5AC101003D1B3F /* playdar.ini.rb */ = {isa = PBXFileReference; fileEncoding = 4; lastKnownFileType = text.script.ruby; path = playdar.ini.rb; sourceTree = "<group>"; };
		6381AAA80F5AC541003D1B3F /* schema.sql */ = {isa = PBXFileReference; fileEncoding = 4; lastKnownFileType = text; name = schema.sql; path = "../playdar-daemon/etc/schema.sql"; sourceTree = SOURCE_ROOT; };
		6381AAB30F5AC5E0003D1B3F /* playdar.ini */ = {isa = PBXFileReference; fileEncoding = 4; lastKnownFileType = text; name = playdar.ini; path = "../playdar-daemon/etc/playdar.ini"; sourceTree = SOURCE_ROOT; };
		6381AAB80F5AC655003D1B3F /* scanner */ = {isa = PBXFileReference; lastKnownFileType = "compiled.mach-o.executable"; name = scanner; path = "../playdar-daemon/bin/scanner"; sourceTree = SOURCE_ROOT; };
		638388270F5B6FA3000C8EAF /* libboost_system-mt.dylib */ = {isa = PBXFileReference; lastKnownFileType = "compiled.mach-o.dylib"; name = "libboost_system-mt.dylib"; path = "/opt/local/lib/libboost_system-mt.dylib"; sourceTree = "<absolute>"; };
		638388280F5B6FA3000C8EAF /* libboost_thread-mt.dylib */ = {isa = PBXFileReference; lastKnownFileType = "compiled.mach-o.dylib"; name = "libboost_thread-mt.dylib"; path = "/opt/local/lib/libboost_thread-mt.dylib"; sourceTree = "<absolute>"; };
		638388290F5B6FA3000C8EAF /* libboost_regex-mt.dylib */ = {isa = PBXFileReference; lastKnownFileType = "compiled.mach-o.dylib"; name = "libboost_regex-mt.dylib"; path = "/opt/local/lib/libboost_regex-mt.dylib"; sourceTree = "<absolute>"; };
		6383882A0F5B6FA3000C8EAF /* libboost_filesystem-mt.dylib */ = {isa = PBXFileReference; lastKnownFileType = "compiled.mach-o.dylib"; name = "libboost_filesystem-mt.dylib"; path = "/opt/local/lib/libboost_filesystem-mt.dylib"; sourceTree = "<absolute>"; };
		638388340F5B6FEF000C8EAF /* libtag.1.dylib */ = {isa = PBXFileReference; lastKnownFileType = "compiled.mach-o.dylib"; name = libtag.1.dylib; path = /opt/local/lib/libtag.1.dylib; sourceTree = "<absolute>"; };
		6383883A0F5B704D000C8EAF /* libz.1.dylib */ = {isa = PBXFileReference; lastKnownFileType = "compiled.mach-o.dylib"; name = libz.1.dylib; path = /opt/local/lib/libz.1.dylib; sourceTree = "<absolute>"; };
		638388400F5B708F000C8EAF /* liburiparser.1.dylib */ = {isa = PBXFileReference; lastKnownFileType = "compiled.mach-o.dylib"; name = liburiparser.1.dylib; path = /opt/local/lib/liburiparser.1.dylib; sourceTree = "<absolute>"; };
		638388410F5B708F000C8EAF /* libuuid.16.dylib */ = {isa = PBXFileReference; lastKnownFileType = "compiled.mach-o.dylib"; name = libuuid.16.dylib; path = /opt/local/lib/libuuid.16.dylib; sourceTree = "<absolute>"; };
		63BE46E40F5B6C0600BFA9E0 /* playdar */ = {isa = PBXFileReference; lastKnownFileType = "compiled.mach-o.executable"; name = playdar; path = "../playdar-daemon/bin/playdar"; sourceTree = "<group>"; };
		63DFABE60F5CAAA1001855D4 /* Sparkle.framework */ = {isa = PBXFileReference; lastKnownFileType = wrapper.framework; path = Sparkle.framework; sourceTree = "<group>"; };
		63E2F37F0F609BFE00738CA2 /* terminal.sh */ = {isa = PBXFileReference; fileEncoding = 4; lastKnownFileType = text.script.sh; path = terminal.sh; sourceTree = "<group>"; };
		8D202CF70486D31800D8A456 /* Info.plist */ = {isa = PBXFileReference; fileEncoding = 4; lastKnownFileType = text.plist; path = Info.plist; sourceTree = "<group>"; };
		8D202CF80486D31800D8A456 /* playdar.prefPane */ = {isa = PBXFileReference; explicitFileType = wrapper.cfbundle; includeInIndex = 0; path = playdar.prefPane; sourceTree = BUILT_PRODUCTS_DIR; };
		F506C035013D953901CA16C8 /* PreferencePanes.framework */ = {isa = PBXFileReference; lastKnownFileType = wrapper.framework; name = PreferencePanes.framework; path = /System/Library/Frameworks/PreferencePanes.framework; sourceTree = "<absolute>"; };
		F506C03C013D9D7901CA16C8 /* main.h */ = {isa = PBXFileReference; fileEncoding = 4; lastKnownFileType = sourcecode.c.h; path = main.h; sourceTree = "<group>"; };
		F506C03D013D9D7901CA16C8 /* main.m */ = {isa = PBXFileReference; fileEncoding = 4; lastKnownFileType = sourcecode.c.objc; path = main.m; sourceTree = "<group>"; };
		F506C043013D9D8C01CA16C8 /* English */ = {isa = PBXFileReference; lastKnownFileType = file.xib; name = English; path = English.lproj/main.xib; sourceTree = "<group>"; };
/* End PBXFileReference section */

/* Begin PBXFrameworksBuildPhase section */
		8D202CF20486D31800D8A456 /* Frameworks */ = {
			isa = PBXFrameworksBuildPhase;
			buildActionMask = 2147483647;
			files = (
				8D202CF30486D31800D8A456 /* Cocoa.framework in Frameworks */,
				8D202CF40486D31800D8A456 /* PreferencePanes.framework in Frameworks */,
				63DFABE70F5CAAA1001855D4 /* Sparkle.framework in Frameworks */,
			);
			runOnlyForDeploymentPostprocessing = 0;
		};
/* End PBXFrameworksBuildPhase section */

/* Begin PBXGroup section */
		089C166AFE841209C02AAC07 /* Playdar */ = {
			isa = PBXGroup;
			children = (
				08FB77AFFE84173DC02AAC07 /* Classes */,
				32DBCFA10370C40200C91783 /* Other Sources */,
				089C167CFE841241C02AAC07 /* Resources */,
				089C1671FE841209C02AAC07 /* Frameworks and Libraries */,
				19C28FB8FE9D52D311CA2CBB /* Products */,
				6381AAB60F5AC5F9003D1B3F /* External Files */,
			);
			name = Playdar;
			sourceTree = "<group>";
		};
		089C1671FE841209C02AAC07 /* Frameworks and Libraries */ = {
			isa = PBXGroup;
			children = (
				1058C7ACFEA557BF11CA2CBB /* Linked Frameworks */,
				1058C7AEFEA557BF11CA2CBB /* Other Frameworks */,
			);
			name = "Frameworks and Libraries";
			sourceTree = "<group>";
		};
		089C167CFE841241C02AAC07 /* Resources */ = {
			isa = PBXGroup;
			children = (
				63773AB60F59674B002D0DE9 /* playdar.icns */,
				8D202CF70486D31800D8A456 /* Info.plist */,
				089C167DFE841241C02AAC07 /* InfoPlist.strings */,
				F506C042013D9D8C01CA16C8 /* main.xib */,
				63773ABC0F596C6B002D0DE9 /* scan.sh */,
				6381AA7F0F5AC101003D1B3F /* playdar.ini.rb */,
				63E2F37F0F609BFE00738CA2 /* terminal.sh */,
			);
			name = Resources;
			sourceTree = "<group>";
		};
		08FB77AFFE84173DC02AAC07 /* Classes */ = {
			isa = PBXGroup;
			children = (
				F506C03C013D9D7901CA16C8 /* main.h */,
				F506C03D013D9D7901CA16C8 /* main.m */,
			);
			name = Classes;
			sourceTree = "<group>";
		};
		1058C7ACFEA557BF11CA2CBB /* Linked Frameworks */ = {
			isa = PBXGroup;
			children = (
				63DFABE60F5CAAA1001855D4 /* Sparkle.framework */,
				1058C7ADFEA557BF11CA2CBB /* Cocoa.framework */,
				F506C035013D953901CA16C8 /* PreferencePanes.framework */,
			);
			name = "Linked Frameworks";
			sourceTree = "<group>";
		};
		1058C7AEFEA557BF11CA2CBB /* Other Frameworks */ = {
			isa = PBXGroup;
			children = (
				089C1672FE841209C02AAC07 /* Foundation.framework */,
				089C167FFE841241C02AAC07 /* AppKit.framework */,
			);
			name = "Other Frameworks";
			sourceTree = "<group>";
		};
		19C28FB8FE9D52D311CA2CBB /* Products */ = {
			isa = PBXGroup;
			children = (
				8D202CF80486D31800D8A456 /* playdar.prefPane */,
			);
			name = Products;
			sourceTree = "<group>";
		};
		32DBCFA10370C40200C91783 /* Other Sources */ = {
			isa = PBXGroup;
			children = (
				32DBCFA20370C41700C91783 /* pc.h */,
				635AD4D00F5E152D003C0805 /* LoginItemsAE.h */,
				635AD4D20F5E1552003C0805 /* LoginItemsAE.c */,
			);
			name = "Other Sources";
			sourceTree = "<group>";
		};
		6381AAB60F5AC5F9003D1B3F /* External Files */ = {
			isa = PBXGroup;
			children = (
				632DF4DC0F5B79B90078F66A /* libboost_program_options-mt.dylib */,
				638388270F5B6FA3000C8EAF /* libboost_system-mt.dylib */,
				638388280F5B6FA3000C8EAF /* libboost_thread-mt.dylib */,
				638388290F5B6FA3000C8EAF /* libboost_regex-mt.dylib */,
				6383882A0F5B6FA3000C8EAF /* libboost_filesystem-mt.dylib */,
				638388340F5B6FEF000C8EAF /* libtag.1.dylib */,
				638388400F5B708F000C8EAF /* liburiparser.1.dylib */,
				638388410F5B708F000C8EAF /* libuuid.16.dylib */,
				6383883A0F5B704D000C8EAF /* libz.1.dylib */,
				63BE46E40F5B6C0600BFA9E0 /* playdar */,
				6381AAB80F5AC655003D1B3F /* scanner */,
				6381AAB30F5AC5E0003D1B3F /* playdar.ini */,
				6381AAA80F5AC541003D1B3F /* schema.sql */,
			);
			name = "External Files";
			sourceTree = "<group>";
		};
/* End PBXGroup section */

/* Begin PBXHeadersBuildPhase section */
		8D202CE90486D31800D8A456 /* Headers */ = {
			isa = PBXHeadersBuildPhase;
			buildActionMask = 2147483647;
			files = (
				8D202CEB0486D31800D8A456 /* main.h in Headers */,
				63E2F3BD0F60A11B00738CA2 /* pc.h in Headers */,
				63E2F3BE0F60A11B00738CA2 /* LoginItemsAE.h in Headers */,
			);
			runOnlyForDeploymentPostprocessing = 0;
		};
/* End PBXHeadersBuildPhase section */

/* Begin PBXNativeTarget section */
		8D202CE80486D31800D8A456 /* main */ = {
			isa = PBXNativeTarget;
			buildConfigurationList = 1DBD214808BA80EA00186707 /* Build configuration list for PBXNativeTarget "main" */;
			buildPhases = (
				8D202CE90486D31800D8A456 /* Headers */,
				8D202CEC0486D31800D8A456 /* Resources */,
				8D202CF00486D31800D8A456 /* Sources */,
				8D202CF20486D31800D8A456 /* Frameworks */,
				631F5A880F5B6A0A00332254 /* ShellScript */,
				63DFABED0F5CAAF6001855D4 /* CopyFiles */,
				6381AA960F5AC1D8003D1B3F /* CopyFiles */,
				6381AB6A0F5B5CA1003D1B3F /* CopyFiles */,
				632DF4CE0F5B76940078F66A /* ShellScript */,
			);
			buildRules = (
			);
			dependencies = (
			);
			name = main;
			productInstallPath = "$(HOME)/Library/PreferencePanes";
			productName = moose;
			productReference = 8D202CF80486D31800D8A456 /* playdar.prefPane */;
			productType = "com.apple.product-type.bundle";
		};
/* End PBXNativeTarget section */

/* Begin PBXProject section */
		089C1669FE841209C02AAC07 /* Project object */ = {
			isa = PBXProject;
			buildConfigurationList = 1DBD214C08BA80EA00186707 /* Build configuration list for PBXProject "playdar.prefPane" */;
			compatibilityVersion = "Xcode 3.1";
			hasScannedForEncodings = 1;
			mainGroup = 089C166AFE841209C02AAC07 /* Playdar */;
			projectDirPath = "";
			projectRoot = "";
			targets = (
				8D202CE80486D31800D8A456 /* main */,
			);
		};
/* End PBXProject section */

/* Begin PBXResourcesBuildPhase section */
		8D202CEC0486D31800D8A456 /* Resources */ = {
			isa = PBXResourcesBuildPhase;
			buildActionMask = 2147483647;
			files = (
				8D202CED0486D31800D8A456 /* InfoPlist.strings in Resources */,
				8D202CEF0486D31800D8A456 /* main.xib in Resources */,
				63773AB70F59674B002D0DE9 /* playdar.icns in Resources */,
				63773ABD0F596C6B002D0DE9 /* scan.sh in Resources */,
				6381AA800F5AC101003D1B3F /* playdar.ini.rb in Resources */,
				63E2F3800F609BFE00738CA2 /* terminal.sh in Resources */,
			);
			runOnlyForDeploymentPostprocessing = 0;
		};
/* End PBXResourcesBuildPhase section */

/* Begin PBXShellScriptBuildPhase section */
		631F5A880F5B6A0A00332254 /* ShellScript */ = {
			isa = PBXShellScriptBuildPhase;
			buildActionMask = 2147483647;
			files = (
			);
			inputPaths = (
				"$(SRCROOT)/../playdar-daemon/bin/playdar",
			);
			outputPaths = (
			);
			runOnlyForDeploymentPostprocessing = 0;
			shellPath = /bin/sh;
			shellScript = "cd $BUILT_PRODUCTS_DIR/$EXECUTABLE_FOLDER_PATH\nmv playdar playdar.prefPane";
		};
		632DF4CE0F5B76940078F66A /* ShellScript */ = {
			isa = PBXShellScriptBuildPhase;
			buildActionMask = 2147483647;
			files = (
			);
			inputPaths = (
			);
			outputPaths = (
			);
			runOnlyForDeploymentPostprocessing = 0;
			shellPath = /bin/sh;
			shellScript = "cd $BUILT_PRODUCTS_DIR/$EXECUTABLE_FOLDER_PATH\nruby \"$SRCROOT/install_name_tool.rb\"\nchmod ugo-x *.dylib";
		};
/* End PBXShellScriptBuildPhase section */

/* Begin PBXSourcesBuildPhase section */
		8D202CF00486D31800D8A456 /* Sources */ = {
			isa = PBXSourcesBuildPhase;
			buildActionMask = 2147483647;
			files = (
				8D202CF10486D31800D8A456 /* main.m in Sources */,
				63E2F3BF0F60A11B00738CA2 /* LoginItemsAE.c in Sources */,
			);
			runOnlyForDeploymentPostprocessing = 0;
		};
/* End PBXSourcesBuildPhase section */

/* Begin PBXVariantGroup section */
		089C167DFE841241C02AAC07 /* InfoPlist.strings */ = {
			isa = PBXVariantGroup;
			children = (
				089C167EFE841241C02AAC07 /* English */,
			);
			name = InfoPlist.strings;
			sourceTree = "<group>";
		};
		F506C042013D9D8C01CA16C8 /* main.xib */ = {
			isa = PBXVariantGroup;
			children = (
				F506C043013D9D8C01CA16C8 /* English */,
			);
			name = main.xib;
			sourceTree = "<group>";
		};
/* End PBXVariantGroup section */

/* Begin XCBuildConfiguration section */
		1DBD214908BA80EA00186707 /* Debug */ = {
			isa = XCBuildConfiguration;
			buildSettings = {
				COPY_PHASE_STRIP = NO;
				FRAMEWORK_SEARCH_PATHS = (
					"$(inherited)",
					"\"$(SRCROOT)\"",
				);
				GCC_DYNAMIC_NO_PIC = NO;
				GCC_ENABLE_FIX_AND_CONTINUE = YES;
				GCC_MODEL_TUNING = G5;
				GCC_OPTIMIZATION_LEVEL = 0;
				GCC_PRECOMPILE_PREFIX_HEADER = YES;
				GCC_PREFIX_HEADER = pc.h;
				INFOPLIST_FILE = Info.plist;
				INSTALL_PATH = "$(HOME)/Library/PreferencePanes";
				LIBRARY_SEARCH_PATHS = (
					"$(inherited)",
					/opt/local/lib,
				);
				PRODUCT_NAME = playdar;
				WRAPPER_EXTENSION = prefPane;
				ZERO_LINK = YES;
			};
			name = Debug;
		};
		1DBD214A08BA80EA00186707 /* Release */ = {
			isa = XCBuildConfiguration;
			buildSettings = {
				DEBUG_INFORMATION_FORMAT = "dwarf-with-dsym";
				FRAMEWORK_SEARCH_PATHS = (
					"$(inherited)",
					"\"$(SRCROOT)\"",
				);
				GCC_MODEL_TUNING = G5;
				GCC_PRECOMPILE_PREFIX_HEADER = YES;
				GCC_PREFIX_HEADER = pc.h;
				INFOPLIST_FILE = Info.plist;
				INSTALL_PATH = "$(HOME)/Library/PreferencePanes";
				LIBRARY_SEARCH_PATHS = (
					"$(inherited)",
					/opt/local/lib,
				);
				PRODUCT_NAME = playdar;
				WRAPPER_EXTENSION = prefPane;
			};
			name = Release;
		};
		1DBD214D08BA80EA00186707 /* Debug */ = {
			isa = XCBuildConfiguration;
			buildSettings = {
				ARCHS = "$(ARCHS_STANDARD_32_BIT)";
				GCC_C_LANGUAGE_STANDARD = c99;
				GCC_WARN_ABOUT_RETURN_TYPE = YES;
				GCC_WARN_UNUSED_VARIABLE = YES;
				ONLY_ACTIVE_ARCH = YES;
				PREBINDING = NO;
				SDKROOT = macosx10.5;
			};
			name = Debug;
		};
		1DBD214E08BA80EA00186707 /* Release */ = {
			isa = XCBuildConfiguration;
			buildSettings = {
				ARCHS = "$(ARCHS_STANDARD_32_BIT)";
				GCC_C_LANGUAGE_STANDARD = c99;
				GCC_WARN_ABOUT_RETURN_TYPE = YES;
				GCC_WARN_UNUSED_VARIABLE = YES;
				PREBINDING = NO;
				SDKROOT = macosx10.5;
			};
			name = Release;
		};
/* End XCBuildConfiguration section */

/* Begin XCConfigurationList section */
		1DBD214808BA80EA00186707 /* Build configuration list for PBXNativeTarget "main" */ = {
			isa = XCConfigurationList;
			buildConfigurations = (
				1DBD214908BA80EA00186707 /* Debug */,
				1DBD214A08BA80EA00186707 /* Release */,
			);
			defaultConfigurationIsVisible = 0;
			defaultConfigurationName = Release;
		};
		1DBD214C08BA80EA00186707 /* Build configuration list for PBXProject "playdar.prefPane" */ = {
			isa = XCConfigurationList;
			buildConfigurations = (
				1DBD214D08BA80EA00186707 /* Debug */,
				1DBD214E08BA80EA00186707 /* Release */,
			);
			defaultConfigurationIsVisible = 0;
			defaultConfigurationName = Release;
		};
/* End XCConfigurationList section */
	};
	rootObject = 089C1669FE841209C02AAC07 /* Project object */;
}
